{
  "pins" : [
    {
      "identity" : "swiftuibackports",
      "kind" : "remoteSourceControl",
      "location" : "https://github.com/shaps80/SwiftUIBackports",
      "state" : {
        "revision" : "252d01385a0730cc604310373ac934a64f1d4b1a",
        "version" : "1.8.2"
      }
    }
  ],
  "version" : 2
}
